{
  "requires": true,
  "lockfileVersion": 1,
  "dependencies": {
    "@angular/core": {
      "version": "7.1.1",
      "resolved": "https://registry.npmjs.org/@angular/core/-/core-7.1.1.tgz",
      "integrity": "sha512-Osig5SRgDRQ+Hec/liN7nq/BCJieB+4/pqRh9rFbOXezb2ptgRZqdXOXN8P17i4AwPVf308Mh55V0niJ5Eu3Rw==",
      "requires": {
        "tslib": "^1.9.0"
      }
    },
    "@webcomponents/webcomponentsjs": {
      "version": "2.2.1",
      "resolved": "https://registry.npmjs.org/@webcomponents/webcomponentsjs/-/webcomponentsjs-2.2.1.tgz",
      "integrity": "sha512-lZZ+Lkke6JhsJcQQqSVk1Pny6/8y4qhJ98LO7a/MwBSRO8WqHqK1X2vscfeL8vOnYGFnmBUyVG95lwYv/AXyLQ=="
    },
    "tslib": {
      "version": "1.9.3",
      "resolved": "https://registry.npmjs.org/tslib/-/tslib-1.9.3.tgz",
      "integrity": "sha512-4krF8scpejhaOgqzBEcGM7yDIEfi0/8+8zDRZhNZZ2kjmHJ4hv3zCbQWxoJGz1iw5U0Jl0nma13xzHXcncMavQ=="
    },
    "zone.js": {
      "version": "0.8.26",
      "resolved": "https://registry.npmjs.org/zone.js/-/zone.js-0.8.26.tgz",
      "integrity": "sha512-W9Nj+UmBJG251wkCacIkETgra4QgBo/vgoEkb4a2uoLzpQG7qF9nzwoLXWU5xj3Fg2mxGvEDh47mg24vXccYjA=="
    }
  }
}
